
Microsoft Visual Studio Solution File, Format Version 12.00
# Visual Studio Version 16
VisualStudioVersion = 16.0.30709.132
MinimumVisualStudioVersion = 10.0.40219.1
Project("{F2A71F9B-5D33-465A-A702-920D77279786}") = "lab5", "lab5\lab5.fsproj", "{D2D05598-316E-45F9-A867-233314C50983}"
EndProject
Global
	GlobalSection(SolutionConfigurationPlatforms) = preSolution
		Debug|Any CPU = Debug|Any CPU
		Release|Any CPU = Release|Any CPU
	EndGlobalSection
	GlobalSection(ProjectConfigurationPlatforms) = postSolution
		{D2D05598-316E-45F9-A867-233314C50983}.Debug|Any CPU.ActiveCfg = Debug|Any CPU
		{D2D05598-316E-45F9-A867-233314C50983}.Debug|Any CPU.Build.0 = Debug|Any CPU
		{D2D05598-316E-45F9-A867-233314C50983}.Release|Any CPU.ActiveCfg = Release|Any CPU
		{D2D05598-316E-45F9-A867-233314C50983}.Release|Any CPU.Build.0 = Release|Any CPU
	EndGlobalSection
	GlobalSection(SolutionProperties) = preSolution
		HideSolutionNode = FALSE
	EndGlobalSection
	GlobalSection(ExtensibilityGlobals) = postSolution
		SolutionGuid = {6F3DAD87-A8FF-4D2D-A72A-E577B1440F36}
	EndGlobalSection
EndGlobal
